
Microsoft Visual Studio Solution File, Format Version 12.00
# Visual Studio Version 16
VisualStudioVersion = 16.0.30413.136
MinimumVisualStudioVersion = 10.0.40219.1
Project("{2150E333-8FDC-42A3-9474-1A3956D46DE8}") = "src", "src", "{08DA1471-EAC0-4C41-BCDA-AC3544C04EC9}"
EndProject
Project("{2150E333-8FDC-42A3-9474-1A3956D46DE8}") = "tests", "tests", "{F91A8D7B-C681-45EC-98EB-C1293FF62521}"
	ProjectSection(SolutionItems) = preProject
		src\MGroup.XFEM.IsoXFEM\XModel.cs = src\MGroup.XFEM.IsoXFEM\XModel.cs
	EndProjectSection
EndProject
Project("{9A19103F-16F7-4668-BE54-9A1E7A4F7556}") = "MGroup.MSolve.Discretization", "src\MGroup.MSolve.Discretization\MGroup.MSolve.Discretization.csproj", "{8E6D718E-63F1-4D25-B944-51893FC5E815}"
EndProject
Project("{9A19103F-16F7-4668-BE54-9A1E7A4F7556}") = "MGroup.MSolve.Geometry", "src\MGroup.MSolve.Geometry\MGroup.MSolve.Geometry.csproj", "{D4077D97-DD22-436B-9808-602820F659E3}"
EndProject
Project("{9A19103F-16F7-4668-BE54-9A1E7A4F7556}") = "MGroup.MSolve.Solution", "src\MGroup.MSolve.Solution\MGroup.MSolve.Solution.csproj", "{B67F2E80-3ADA-4B4A-A02A-BDBC665BB0A5}"
EndProject
Project("{9A19103F-16F7-4668-BE54-9A1E7A4F7556}") = "MGroup.MSolve.Constitutive", "src\MGroup.MSolve.Constitutive\MGroup.MSolve.Constitutive.csproj", "{84974BAB-7406-452A-A32E-BFDDBD952D63}"
EndProject
Project("{9A19103F-16F7-4668-BE54-9A1E7A4F7556}") = "MGroup.MSolve.AnalysisWorkflow", "src\MGroup.MSolve.AnalysisWorkflow\MGroup.MSolve.AnalysisWorkflow.csproj", "{2782ECDD-AF80-4122-A24C-1CA713D59CEE}"
EndProject
Project("{9A19103F-16F7-4668-BE54-9A1E7A4F7556}") = "MGroup.NumericalAnalyzers", "src\MGroup.NumericalAnalyzers\MGroup.NumericalAnalyzers.csproj", "{0194CED3-AEB3-418E-A2C0-16FC0221A283}"
EndProject
Project("{9A19103F-16F7-4668-BE54-9A1E7A4F7556}") = "MGroup.NumericalAnalyzers.Tests", "tests\MGroup.NumericalAnalyzers.Tests\MGroup.NumericalAnalyzers.Tests.csproj", "{33FCFB47-3997-4A8D-B107-97095EE690E7}"
EndProject
Project("{9A19103F-16F7-4668-BE54-9A1E7A4F7556}") = "MGroup.Constitutive.Structural", "src\MGroup.Constitutive.Structural\MGroup.Constitutive.Structural.csproj", "{B421F18B-52D8-4C0C-807C-7D54B2660202}"
EndProject
Project("{9A19103F-16F7-4668-BE54-9A1E7A4F7556}") = "MGroup.Constitutive.Thermal", "src\MGroup.Constitutive.Thermal\MGroup.Constitutive.Thermal.csproj", "{2F4E2103-DAB3-4C5B-AFAD-1307A519BF0A}"
EndProject
Project("{9A19103F-16F7-4668-BE54-9A1E7A4F7556}") = "MGroup.Constitutive.PorousMedia", "src\MGroup.Constitutive.PorousMedia\MGroup.Constitutive.PorousMedia.csproj", "{7C73582A-0316-4857-AC20-A7A9477D84B3}"
EndProject
Project("{9A19103F-16F7-4668-BE54-9A1E7A4F7556}") = "MGroup.FEM.Tests", "tests\MGroup.FEM.Tests\MGroup.FEM.Tests.csproj", "{5EF446F8-90B0-4B6F-805F-245152073B16}"
EndProject
Project("{9A19103F-16F7-4668-BE54-9A1E7A4F7556}") = "MGroup.FEM.Structural", "src\MGroup.FEM.Structural\MGroup.FEM.Structural.csproj", "{C6FAC11F-40ED-4CEB-A0EB-877703DA10AE}"
EndProject
Project("{9A19103F-16F7-4668-BE54-9A1E7A4F7556}") = "MGroup.FEM.Thermal", "src\MGroup.FEM.Thermal\MGroup.FEM.Thermal.csproj", "{2042A3FE-94F9-4FD8-8AA6-558F15FA37E1}"
EndProject
Project("{9A19103F-16F7-4668-BE54-9A1E7A4F7556}") = "MGroup.FEM.PorousMedia", "src\MGroup.FEM.PorousMedia\MGroup.FEM.PorousMedia.csproj", "{37714488-F640-4529-B888-D7A4ACA3431E}"
EndProject
Project("{9A19103F-16F7-4668-BE54-9A1E7A4F7556}") = "MGroup.Solvers", "src\MGroup.Solvers\MGroup.Solvers.csproj", "{90A9B907-EBB8-4E98-9515-D93AE229992B}"
EndProject
Project("{9A19103F-16F7-4668-BE54-9A1E7A4F7556}") = "MGroup.Solvers.Tests", "tests\MGroup.Solvers.Tests\MGroup.Solvers.Tests.csproj", "{5F69960A-8865-4532-91FC-CAC36EF6907A}"
EndProject
Project("{9A19103F-16F7-4668-BE54-9A1E7A4F7556}") = "MGroup.FEM", "src\MGroup.FEM\src\MGroup.FEM\MGroup.FEM.csproj", "{6107B4DB-F0DB-4F7C-89FC-D19AE905BBF0}"
EndProject
Project("{9A19103F-16F7-4668-BE54-9A1E7A4F7556}") = "MGroup.MSolve.DataStructures", "src\MGroup.MSolve.DataStructures\MGroup.MSolve.DataStructures.csproj", "{CF976517-698A-4829-B9D1-2D2ACB1B0E61}"
EndProject
Project("{9A19103F-16F7-4668-BE54-9A1E7A4F7556}") = "MGroup.MSolve.Numerics", "src\MGroup.MSolve.Numerics\MGroup.MSolve.Numerics.csproj", "{8B4990C3-050F-4450-BFC2-57473104A3A8}"
EndProject
Project("{9A19103F-16F7-4668-BE54-9A1E7A4F7556}") = "MGroup.Solvers.DDM.Prototypes", "src\MGroup.Solvers.DDM.Prototypes\MGroup.Solvers.DDM.Prototypes.csproj", "{CC4A9A67-EFA4-438B-B0D5-BD8F11A092DA}"
EndProject
Project("{9A19103F-16F7-4668-BE54-9A1E7A4F7556}") = "MGroup.MSolve.Meshes", "src\MGroup.MSolve.Meshes\MGroup.MSolve.Meshes.csproj", "{AF4E78B8-B373-4711-9E01-714089F8AB7E}"
EndProject
Project("{9A19103F-16F7-4668-BE54-9A1E7A4F7556}") = "MGroup.MSolve.Meshes.Tests", "tests\MGroup.MSolve.Meshes.Tests\MGroup.MSolve.Meshes.Tests.csproj", "{C13DDABA-7F8C-4300-A55F-0E051ECB43B0}"
EndProject
Project("{9A19103F-16F7-4668-BE54-9A1E7A4F7556}") = "MGroup.Solvers.DDM.Prototypes.Tests", "tests\MGroup.Solvers.DDM.Prototypes.Tests\MGroup.Solvers.DDM.Prototypes.Tests.csproj", "{A6459EB1-E504-4446-9764-F42B9A6CC685}"
EndProject
Project("{9A19103F-16F7-4668-BE54-9A1E7A4F7556}") = "MGroup.Environments", "src\MGroup.Environments\MGroup.Environments.csproj", "{49186A8C-FB73-4B66-91B1-11FEA31C5FEB}"
EndProject
Project("{9A19103F-16F7-4668-BE54-9A1E7A4F7556}") = "MGroup.Environments.Tests", "tests\MGroup.Environments.Tests\MGroup.Environments.Tests.csproj", "{C020D4E4-0853-4381-A33A-5B9866E4AE76}"
EndProject
Project("{9A19103F-16F7-4668-BE54-9A1E7A4F7556}") = "MGroup.LinearAlgebra.Distributed", "src\MGroup.LinearAlgebra.Distributed\MGroup.LinearAlgebra.Distributed.csproj", "{7933DB65-3765-4A6F-9709-4013207F710D}"
EndProject
Project("{9A19103F-16F7-4668-BE54-9A1E7A4F7556}") = "MGroup.LinearAlgebra.Distributed.Tests", "tests\MGroup.LinearAlgebra.Distributed.Tests\MGroup.LinearAlgebra.Distributed.Tests.csproj", "{9CEC3610-D40A-4D16-AACB-1DCC3932703F}"
EndProject
Project("{9A19103F-16F7-4668-BE54-9A1E7A4F7556}") = "MGroup.Solvers.DDM", "src\MGroup.Solvers.DDM\MGroup.Solvers.DDM.csproj", "{BF3E776E-9E10-41AD-A367-82E9A858B1E8}"
EndProject
Project("{9A19103F-16F7-4668-BE54-9A1E7A4F7556}") = "MGroup.Solvers.DDM.Tests", "tests\MGroup.Solvers.DDM.Tests\MGroup.Solvers.DDM.Tests.csproj", "{771EF712-209F-486C-8D53-A87029DCEE4A}"
EndProject
Project("{9A19103F-16F7-4668-BE54-9A1E7A4F7556}") = "MGroup.XFEM", "src\MGroup.XFEM\MGroup.XFEM.csproj", "{F0CECFDD-175C-47DE-90EE-FCE2310AA7A4}"
EndProject
Project("{9A19103F-16F7-4668-BE54-9A1E7A4F7556}") = "MGroup.XFEM.Tests", "tests\MGroup.XFEM.Tests\MGroup.XFEM.Tests.csproj", "{9107C9BA-3F17-4924-BC52-DC8842E0DF3A}"
EndProject
Project("{9A19103F-16F7-4668-BE54-9A1E7A4F7556}") = "MGroup.XFEM.IsoXFEM", "src\MGroup.XFEM.IsoXFEM\MGroup.XFEM.IsoXFEM.csproj", "{1008F75B-9498-4A3E-8481-EA014F77E495}"
EndProject
Project("{9A19103F-16F7-4668-BE54-9A1E7A4F7556}") = "MGroup.XFEM.IsoXFEM.Tests", "tests\MGroup.XFEM.IsoXFEM.Tests\MGroup.XFEM.IsoXFEM.Tests.csproj", "{268534AD-F3CB-4B9D-8AD8-04D70015D50B}"
EndProject
Global
	GlobalSection(SolutionConfigurationPlatforms) = preSolution
		Debug|Any CPU = Debug|Any CPU
		Release|Any CPU = Release|Any CPU
	EndGlobalSection
	GlobalSection(ProjectConfigurationPlatforms) = postSolution
		{8E6D718E-63F1-4D25-B944-51893FC5E815}.Debug|Any CPU.ActiveCfg = Debug|Any CPU
		{8E6D718E-63F1-4D25-B944-51893FC5E815}.Debug|Any CPU.Build.0 = Debug|Any CPU
		{8E6D718E-63F1-4D25-B944-51893FC5E815}.Release|Any CPU.ActiveCfg = Release|Any CPU
		{8E6D718E-63F1-4D25-B944-51893FC5E815}.Release|Any CPU.Build.0 = Release|Any CPU
		{D4077D97-DD22-436B-9808-602820F659E3}.Debug|Any CPU.ActiveCfg = Debug|Any CPU
		{D4077D97-DD22-436B-9808-602820F659E3}.Debug|Any CPU.Build.0 = Debug|Any CPU
		{D4077D97-DD22-436B-9808-602820F659E3}.Release|Any CPU.ActiveCfg = Release|Any CPU
		{D4077D97-DD22-436B-9808-602820F659E3}.Release|Any CPU.Build.0 = Release|Any CPU
		{B67F2E80-3ADA-4B4A-A02A-BDBC665BB0A5}.Debug|Any CPU.ActiveCfg = Debug|Any CPU
		{B67F2E80-3ADA-4B4A-A02A-BDBC665BB0A5}.Debug|Any CPU.Build.0 = Debug|Any CPU
		{B67F2E80-3ADA-4B4A-A02A-BDBC665BB0A5}.Release|Any CPU.ActiveCfg = Release|Any CPU
		{B67F2E80-3ADA-4B4A-A02A-BDBC665BB0A5}.Release|Any CPU.Build.0 = Release|Any CPU
		{84974BAB-7406-452A-A32E-BFDDBD952D63}.Debug|Any CPU.ActiveCfg = Debug|Any CPU
		{84974BAB-7406-452A-A32E-BFDDBD952D63}.Debug|Any CPU.Build.0 = Debug|Any CPU
		{84974BAB-7406-452A-A32E-BFDDBD952D63}.Release|Any CPU.ActiveCfg = Release|Any CPU
		{84974BAB-7406-452A-A32E-BFDDBD952D63}.Release|Any CPU.Build.0 = Release|Any CPU
		{2782ECDD-AF80-4122-A24C-1CA713D59CEE}.Debug|Any CPU.ActiveCfg = Debug|Any CPU
		{2782ECDD-AF80-4122-A24C-1CA713D59CEE}.Debug|Any CPU.Build.0 = Debug|Any CPU
		{2782ECDD-AF80-4122-A24C-1CA713D59CEE}.Release|Any CPU.ActiveCfg = Release|Any CPU
		{2782ECDD-AF80-4122-A24C-1CA713D59CEE}.Release|Any CPU.Build.0 = Release|Any CPU
		{0194CED3-AEB3-418E-A2C0-16FC0221A283}.Debug|Any CPU.ActiveCfg = Debug|Any CPU
		{0194CED3-AEB3-418E-A2C0-16FC0221A283}.Debug|Any CPU.Build.0 = Debug|Any CPU
		{0194CED3-AEB3-418E-A2C0-16FC0221A283}.Release|Any CPU.ActiveCfg = Release|Any CPU
		{0194CED3-AEB3-418E-A2C0-16FC0221A283}.Release|Any CPU.Build.0 = Release|Any CPU
		{33FCFB47-3997-4A8D-B107-97095EE690E7}.Debug|Any CPU.ActiveCfg = Debug|Any CPU
		{33FCFB47-3997-4A8D-B107-97095EE690E7}.Debug|Any CPU.Build.0 = Debug|Any CPU
		{33FCFB47-3997-4A8D-B107-97095EE690E7}.Release|Any CPU.ActiveCfg = Release|Any CPU
		{33FCFB47-3997-4A8D-B107-97095EE690E7}.Release|Any CPU.Build.0 = Release|Any CPU
		{B421F18B-52D8-4C0C-807C-7D54B2660202}.Debug|Any CPU.ActiveCfg = Debug|Any CPU
		{B421F18B-52D8-4C0C-807C-7D54B2660202}.Debug|Any CPU.Build.0 = Debug|Any CPU
		{B421F18B-52D8-4C0C-807C-7D54B2660202}.Release|Any CPU.ActiveCfg = Release|Any CPU
		{B421F18B-52D8-4C0C-807C-7D54B2660202}.Release|Any CPU.Build.0 = Release|Any CPU
		{2F4E2103-DAB3-4C5B-AFAD-1307A519BF0A}.Debug|Any CPU.ActiveCfg = Debug|Any CPU
		{2F4E2103-DAB3-4C5B-AFAD-1307A519BF0A}.Debug|Any CPU.Build.0 = Debug|Any CPU
		{2F4E2103-DAB3-4C5B-AFAD-1307A519BF0A}.Release|Any CPU.ActiveCfg = Release|Any CPU
		{2F4E2103-DAB3-4C5B-AFAD-1307A519BF0A}.Release|Any CPU.Build.0 = Release|Any CPU
		{7C73582A-0316-4857-AC20-A7A9477D84B3}.Debug|Any CPU.ActiveCfg = Debug|Any CPU
		{7C73582A-0316-4857-AC20-A7A9477D84B3}.Debug|Any CPU.Build.0 = Debug|Any CPU
		{7C73582A-0316-4857-AC20-A7A9477D84B3}.Release|Any CPU.ActiveCfg = Release|Any CPU
		{7C73582A-0316-4857-AC20-A7A9477D84B3}.Release|Any CPU.Build.0 = Release|Any CPU
		{5EF446F8-90B0-4B6F-805F-245152073B16}.Debug|Any CPU.ActiveCfg = Debug|Any CPU
		{5EF446F8-90B0-4B6F-805F-245152073B16}.Debug|Any CPU.Build.0 = Debug|Any CPU
		{5EF446F8-90B0-4B6F-805F-245152073B16}.Release|Any CPU.ActiveCfg = Release|Any CPU
		{5EF446F8-90B0-4B6F-805F-245152073B16}.Release|Any CPU.Build.0 = Release|Any CPU
		{C6FAC11F-40ED-4CEB-A0EB-877703DA10AE}.Debug|Any CPU.ActiveCfg = Debug|Any CPU
		{C6FAC11F-40ED-4CEB-A0EB-877703DA10AE}.Debug|Any CPU.Build.0 = Debug|Any CPU
		{C6FAC11F-40ED-4CEB-A0EB-877703DA10AE}.Release|Any CPU.ActiveCfg = Release|Any CPU
		{C6FAC11F-40ED-4CEB-A0EB-877703DA10AE}.Release|Any CPU.Build.0 = Release|Any CPU
		{2042A3FE-94F9-4FD8-8AA6-558F15FA37E1}.Debug|Any CPU.ActiveCfg = Debug|Any CPU
		{2042A3FE-94F9-4FD8-8AA6-558F15FA37E1}.Debug|Any CPU.Build.0 = Debug|Any CPU
		{2042A3FE-94F9-4FD8-8AA6-558F15FA37E1}.Release|Any CPU.ActiveCfg = Release|Any CPU
		{2042A3FE-94F9-4FD8-8AA6-558F15FA37E1}.Release|Any CPU.Build.0 = Release|Any CPU
		{37714488-F640-4529-B888-D7A4ACA3431E}.Debug|Any CPU.ActiveCfg = Debug|Any CPU
		{37714488-F640-4529-B888-D7A4ACA3431E}.Debug|Any CPU.Build.0 = Debug|Any CPU
		{37714488-F640-4529-B888-D7A4ACA3431E}.Release|Any CPU.ActiveCfg = Release|Any CPU
		{37714488-F640-4529-B888-D7A4ACA3431E}.Release|Any CPU.Build.0 = Release|Any CPU
		{90A9B907-EBB8-4E98-9515-D93AE229992B}.Debug|Any CPU.ActiveCfg = Debug|Any CPU
		{90A9B907-EBB8-4E98-9515-D93AE229992B}.Debug|Any CPU.Build.0 = Debug|Any CPU
		{90A9B907-EBB8-4E98-9515-D93AE229992B}.Release|Any CPU.ActiveCfg = Release|Any CPU
		{90A9B907-EBB8-4E98-9515-D93AE229992B}.Release|Any CPU.Build.0 = Release|Any CPU
		{5F69960A-8865-4532-91FC-CAC36EF6907A}.Debug|Any CPU.ActiveCfg = Debug|Any CPU
		{5F69960A-8865-4532-91FC-CAC36EF6907A}.Debug|Any CPU.Build.0 = Debug|Any CPU
		{5F69960A-8865-4532-91FC-CAC36EF6907A}.Release|Any CPU.ActiveCfg = Release|Any CPU
		{5F69960A-8865-4532-91FC-CAC36EF6907A}.Release|Any CPU.Build.0 = Release|Any CPU
		{6107B4DB-F0DB-4F7C-89FC-D19AE905BBF0}.Debug|Any CPU.ActiveCfg = Debug|Any CPU
		{6107B4DB-F0DB-4F7C-89FC-D19AE905BBF0}.Debug|Any CPU.Build.0 = Debug|Any CPU
		{6107B4DB-F0DB-4F7C-89FC-D19AE905BBF0}.Release|Any CPU.ActiveCfg = Release|Any CPU
		{6107B4DB-F0DB-4F7C-89FC-D19AE905BBF0}.Release|Any CPU.Build.0 = Release|Any CPU
		{CF976517-698A-4829-B9D1-2D2ACB1B0E61}.Debug|Any CPU.ActiveCfg = Debug|Any CPU
		{CF976517-698A-4829-B9D1-2D2ACB1B0E61}.Debug|Any CPU.Build.0 = Debug|Any CPU
		{CF976517-698A-4829-B9D1-2D2ACB1B0E61}.Release|Any CPU.ActiveCfg = Release|Any CPU
		{CF976517-698A-4829-B9D1-2D2ACB1B0E61}.Release|Any CPU.Build.0 = Release|Any CPU
		{8B4990C3-050F-4450-BFC2-57473104A3A8}.Debug|Any CPU.ActiveCfg = Debug|Any CPU
		{8B4990C3-050F-4450-BFC2-57473104A3A8}.Debug|Any CPU.Build.0 = Debug|Any CPU
		{8B4990C3-050F-4450-BFC2-57473104A3A8}.Release|Any CPU.ActiveCfg = Release|Any CPU
		{8B4990C3-050F-4450-BFC2-57473104A3A8}.Release|Any CPU.Build.0 = Release|Any CPU
		{CC4A9A67-EFA4-438B-B0D5-BD8F11A092DA}.Debug|Any CPU.ActiveCfg = Debug|Any CPU
		{CC4A9A67-EFA4-438B-B0D5-BD8F11A092DA}.Debug|Any CPU.Build.0 = Debug|Any CPU
		{CC4A9A67-EFA4-438B-B0D5-BD8F11A092DA}.Release|Any CPU.ActiveCfg = Release|Any CPU
		{CC4A9A67-EFA4-438B-B0D5-BD8F11A092DA}.Release|Any CPU.Build.0 = Release|Any CPU
		{AF4E78B8-B373-4711-9E01-714089F8AB7E}.Debug|Any CPU.ActiveCfg = Debug|Any CPU
		{AF4E78B8-B373-4711-9E01-714089F8AB7E}.Debug|Any CPU.Build.0 = Debug|Any CPU
		{AF4E78B8-B373-4711-9E01-714089F8AB7E}.Release|Any CPU.ActiveCfg = Release|Any CPU
		{AF4E78B8-B373-4711-9E01-714089F8AB7E}.Release|Any CPU.Build.0 = Release|Any CPU
		{C13DDABA-7F8C-4300-A55F-0E051ECB43B0}.Debug|Any CPU.ActiveCfg = Debug|Any CPU
		{C13DDABA-7F8C-4300-A55F-0E051ECB43B0}.Debug|Any CPU.Build.0 = Debug|Any CPU
		{C13DDABA-7F8C-4300-A55F-0E051ECB43B0}.Release|Any CPU.ActiveCfg = Release|Any CPU
		{C13DDABA-7F8C-4300-A55F-0E051ECB43B0}.Release|Any CPU.Build.0 = Release|Any CPU
		{A6459EB1-E504-4446-9764-F42B9A6CC685}.Debug|Any CPU.ActiveCfg = Debug|Any CPU
		{A6459EB1-E504-4446-9764-F42B9A6CC685}.Debug|Any CPU.Build.0 = Debug|Any CPU
		{A6459EB1-E504-4446-9764-F42B9A6CC685}.Release|Any CPU.ActiveCfg = Release|Any CPU
		{A6459EB1-E504-4446-9764-F42B9A6CC685}.Release|Any CPU.Build.0 = Release|Any CPU
		{49186A8C-FB73-4B66-91B1-11FEA31C5FEB}.Debug|Any CPU.ActiveCfg = Debug|Any CPU
		{49186A8C-FB73-4B66-91B1-11FEA31C5FEB}.Debug|Any CPU.Build.0 = Debug|Any CPU
		{49186A8C-FB73-4B66-91B1-11FEA31C5FEB}.Release|Any CPU.ActiveCfg = Release|Any CPU
		{49186A8C-FB73-4B66-91B1-11FEA31C5FEB}.Release|Any CPU.Build.0 = Release|Any CPU
		{C020D4E4-0853-4381-A33A-5B9866E4AE76}.Debug|Any CPU.ActiveCfg = Debug|Any CPU
		{C020D4E4-0853-4381-A33A-5B9866E4AE76}.Debug|Any CPU.Build.0 = Debug|Any CPU
		{C020D4E4-0853-4381-A33A-5B9866E4AE76}.Release|Any CPU.ActiveCfg = Release|Any CPU
		{C020D4E4-0853-4381-A33A-5B9866E4AE76}.Release|Any CPU.Build.0 = Release|Any CPU
		{7933DB65-3765-4A6F-9709-4013207F710D}.Debug|Any CPU.ActiveCfg = Debug|Any CPU
		{7933DB65-3765-4A6F-9709-4013207F710D}.Debug|Any CPU.Build.0 = Debug|Any CPU
		{7933DB65-3765-4A6F-9709-4013207F710D}.Release|Any CPU.ActiveCfg = Release|Any CPU
		{7933DB65-3765-4A6F-9709-4013207F710D}.Release|Any CPU.Build.0 = Release|Any CPU
		{9CEC3610-D40A-4D16-AACB-1DCC3932703F}.Debug|Any CPU.ActiveCfg = Debug|Any CPU
		{9CEC3610-D40A-4D16-AACB-1DCC3932703F}.Debug|Any CPU.Build.0 = Debug|Any CPU
		{9CEC3610-D40A-4D16-AACB-1DCC3932703F}.Release|Any CPU.ActiveCfg = Release|Any CPU
		{9CEC3610-D40A-4D16-AACB-1DCC3932703F}.Release|Any CPU.Build.0 = Release|Any CPU
		{BF3E776E-9E10-41AD-A367-82E9A858B1E8}.Debug|Any CPU.ActiveCfg = Debug|Any CPU
		{BF3E776E-9E10-41AD-A367-82E9A858B1E8}.Debug|Any CPU.Build.0 = Debug|Any CPU
		{BF3E776E-9E10-41AD-A367-82E9A858B1E8}.Release|Any CPU.ActiveCfg = Release|Any CPU
		{BF3E776E-9E10-41AD-A367-82E9A858B1E8}.Release|Any CPU.Build.0 = Release|Any CPU
		{771EF712-209F-486C-8D53-A87029DCEE4A}.Debug|Any CPU.ActiveCfg = Debug|Any CPU
		{771EF712-209F-486C-8D53-A87029DCEE4A}.Debug|Any CPU.Build.0 = Debug|Any CPU
		{771EF712-209F-486C-8D53-A87029DCEE4A}.Release|Any CPU.ActiveCfg = Release|Any CPU
		{771EF712-209F-486C-8D53-A87029DCEE4A}.Release|Any CPU.Build.0 = Release|Any CPU
		{F0CECFDD-175C-47DE-90EE-FCE2310AA7A4}.Debug|Any CPU.ActiveCfg = Debug|Any CPU
		{F0CECFDD-175C-47DE-90EE-FCE2310AA7A4}.Debug|Any CPU.Build.0 = Debug|Any CPU
		{F0CECFDD-175C-47DE-90EE-FCE2310AA7A4}.Release|Any CPU.ActiveCfg = Release|Any CPU
		{F0CECFDD-175C-47DE-90EE-FCE2310AA7A4}.Release|Any CPU.Build.0 = Release|Any CPU
		{9107C9BA-3F17-4924-BC52-DC8842E0DF3A}.Debug|Any CPU.ActiveCfg = Debug|Any CPU
		{9107C9BA-3F17-4924-BC52-DC8842E0DF3A}.Debug|Any CPU.Build.0 = Debug|Any CPU
		{9107C9BA-3F17-4924-BC52-DC8842E0DF3A}.Release|Any CPU.ActiveCfg = Release|Any CPU
		{9107C9BA-3F17-4924-BC52-DC8842E0DF3A}.Release|Any CPU.Build.0 = Release|Any CPU
		{1008F75B-9498-4A3E-8481-EA014F77E495}.Debug|Any CPU.ActiveCfg = Debug|Any CPU
		{1008F75B-9498-4A3E-8481-EA014F77E495}.Debug|Any CPU.Build.0 = Debug|Any CPU
		{1008F75B-9498-4A3E-8481-EA014F77E495}.Release|Any CPU.ActiveCfg = Release|Any CPU
		{1008F75B-9498-4A3E-8481-EA014F77E495}.Release|Any CPU.Build.0 = Release|Any CPU
		{268534AD-F3CB-4B9D-8AD8-04D70015D50B}.Debug|Any CPU.ActiveCfg = Debug|Any CPU
		{268534AD-F3CB-4B9D-8AD8-04D70015D50B}.Debug|Any CPU.Build.0 = Debug|Any CPU
		{268534AD-F3CB-4B9D-8AD8-04D70015D50B}.Release|Any CPU.ActiveCfg = Release|Any CPU
		{268534AD-F3CB-4B9D-8AD8-04D70015D50B}.Release|Any CPU.Build.0 = Release|Any CPU
	EndGlobalSection
	GlobalSection(SolutionProperties) = preSolution
		HideSolutionNode = FALSE
	EndGlobalSection
	GlobalSection(NestedProjects) = preSolution
		{8E6D718E-63F1-4D25-B944-51893FC5E815} = {08DA1471-EAC0-4C41-BCDA-AC3544C04EC9}
		{D4077D97-DD22-436B-9808-602820F659E3} = {08DA1471-EAC0-4C41-BCDA-AC3544C04EC9}
		{B67F2E80-3ADA-4B4A-A02A-BDBC665BB0A5} = {08DA1471-EAC0-4C41-BCDA-AC3544C04EC9}
		{84974BAB-7406-452A-A32E-BFDDBD952D63} = {08DA1471-EAC0-4C41-BCDA-AC3544C04EC9}
		{2782ECDD-AF80-4122-A24C-1CA713D59CEE} = {08DA1471-EAC0-4C41-BCDA-AC3544C04EC9}
		{0194CED3-AEB3-418E-A2C0-16FC0221A283} = {08DA1471-EAC0-4C41-BCDA-AC3544C04EC9}
		{33FCFB47-3997-4A8D-B107-97095EE690E7} = {F91A8D7B-C681-45EC-98EB-C1293FF62521}
		{B421F18B-52D8-4C0C-807C-7D54B2660202} = {08DA1471-EAC0-4C41-BCDA-AC3544C04EC9}
		{2F4E2103-DAB3-4C5B-AFAD-1307A519BF0A} = {08DA1471-EAC0-4C41-BCDA-AC3544C04EC9}
		{7C73582A-0316-4857-AC20-A7A9477D84B3} = {08DA1471-EAC0-4C41-BCDA-AC3544C04EC9}
		{5EF446F8-90B0-4B6F-805F-245152073B16} = {F91A8D7B-C681-45EC-98EB-C1293FF62521}
		{C6FAC11F-40ED-4CEB-A0EB-877703DA10AE} = {08DA1471-EAC0-4C41-BCDA-AC3544C04EC9}
		{2042A3FE-94F9-4FD8-8AA6-558F15FA37E1} = {08DA1471-EAC0-4C41-BCDA-AC3544C04EC9}
		{37714488-F640-4529-B888-D7A4ACA3431E} = {08DA1471-EAC0-4C41-BCDA-AC3544C04EC9}
		{90A9B907-EBB8-4E98-9515-D93AE229992B} = {08DA1471-EAC0-4C41-BCDA-AC3544C04EC9}
		{5F69960A-8865-4532-91FC-CAC36EF6907A} = {F91A8D7B-C681-45EC-98EB-C1293FF62521}
		{6107B4DB-F0DB-4F7C-89FC-D19AE905BBF0} = {08DA1471-EAC0-4C41-BCDA-AC3544C04EC9}
		{CF976517-698A-4829-B9D1-2D2ACB1B0E61} = {08DA1471-EAC0-4C41-BCDA-AC3544C04EC9}
		{8B4990C3-050F-4450-BFC2-57473104A3A8} = {08DA1471-EAC0-4C41-BCDA-AC3544C04EC9}
		{CC4A9A67-EFA4-438B-B0D5-BD8F11A092DA} = {08DA1471-EAC0-4C41-BCDA-AC3544C04EC9}
		{AF4E78B8-B373-4711-9E01-714089F8AB7E} = {08DA1471-EAC0-4C41-BCDA-AC3544C04EC9}
		{C13DDABA-7F8C-4300-A55F-0E051ECB43B0} = {F91A8D7B-C681-45EC-98EB-C1293FF62521}
		{A6459EB1-E504-4446-9764-F42B9A6CC685} = {F91A8D7B-C681-45EC-98EB-C1293FF62521}
		{49186A8C-FB73-4B66-91B1-11FEA31C5FEB} = {08DA1471-EAC0-4C41-BCDA-AC3544C04EC9}
		{C020D4E4-0853-4381-A33A-5B9866E4AE76} = {F91A8D7B-C681-45EC-98EB-C1293FF62521}
		{7933DB65-3765-4A6F-9709-4013207F710D} = {08DA1471-EAC0-4C41-BCDA-AC3544C04EC9}
		{9CEC3610-D40A-4D16-AACB-1DCC3932703F} = {F91A8D7B-C681-45EC-98EB-C1293FF62521}
		{BF3E776E-9E10-41AD-A367-82E9A858B1E8} = {08DA1471-EAC0-4C41-BCDA-AC3544C04EC9}
		{771EF712-209F-486C-8D53-A87029DCEE4A} = {F91A8D7B-C681-45EC-98EB-C1293FF62521}
		{F0CECFDD-175C-47DE-90EE-FCE2310AA7A4} = {08DA1471-EAC0-4C41-BCDA-AC3544C04EC9}
		{9107C9BA-3F17-4924-BC52-DC8842E0DF3A} = {F91A8D7B-C681-45EC-98EB-C1293FF62521}
		{1008F75B-9498-4A3E-8481-EA014F77E495} = {08DA1471-EAC0-4C41-BCDA-AC3544C04EC9}
		{268534AD-F3CB-4B9D-8AD8-04D70015D50B} = {F91A8D7B-C681-45EC-98EB-C1293FF62521}
	EndGlobalSection
	GlobalSection(ExtensibilityGlobals) = postSolution
		SolutionGuid = {65770E5A-E644-45FE-B065-54C0E3D6EBB4}
	EndGlobalSection
EndGlobal
